// !$*UTF8*$!
{
	archiveVersion = 1;
	classes = {
	};
	objectVersion = 51;
	objects = {

/* Begin PBXBuildFile section */
		5DC3BCA8145DFBDF5E50F4CC /* Pods_jobplanetTest.framework in Frameworks */ = {isa = PBXBuildFile; fileRef = 02FFCA1F1A79B3170257DF24 /* Pods_jobplanetTest.framework */; };
		70F79FA1D963DFB31D3F5366 /* Pods_jobplanetTestTests.framework in Frameworks */ = {isa = PBXBuildFile; fileRef = 181566FBFB38794C01A21144 /* Pods_jobplanetTestTests.framework */; };
		B134A4A2C40207245F80CAC1 /* Pods_jobplanetTestUITests.framework in Frameworks */ = {isa = PBXBuildFile; fileRef = A0489ADD3F0FDCE0BA80AA23 /* Pods_jobplanetTestUITests.framework */; };
		DB03D6F72311815900BC6493 /* MainViewSection.swift in Sources */ = {isa = PBXBuildFile; fileRef = DB03D6F62311815900BC6493 /* MainViewSection.swift */; };
		DB03D6F92311915900BC6493 /* SectionItemReactor.swift in Sources */ = {isa = PBXBuildFile; fileRef = DB03D6F82311915900BC6493 /* SectionItemReactor.swift */; };
		DB03D6FB2311B53B00BC6493 /* NibLoadableView.swift in Sources */ = {isa = PBXBuildFile; fileRef = DB03D6FA2311B53A00BC6493 /* NibLoadableView.swift */; };
		DB03D706231285EB00BC6493 /* HorizontalThemeCell.swift in Sources */ = {isa = PBXBuildFile; fileRef = DB03D704231285EB00BC6493 /* HorizontalThemeCell.swift */; };
		DB03D707231285EB00BC6493 /* HorizontalThemeCell.xib in Resources */ = {isa = PBXBuildFile; fileRef = DB03D705231285EB00BC6493 /* HorizontalThemeCell.xib */; };
		DB03D70A2312860800BC6493 /* InterviewCell.swift in Sources */ = {isa = PBXBuildFile; fileRef = DB03D7082312860800BC6493 /* InterviewCell.swift */; };
		DB03D70B2312860800BC6493 /* InterviewCell.xib in Resources */ = {isa = PBXBuildFile; fileRef = DB03D7092312860800BC6493 /* InterviewCell.xib */; };
		DB03D70E2312861D00BC6493 /* JobPostingCell.swift in Sources */ = {isa = PBXBuildFile; fileRef = DB03D70C2312861D00BC6493 /* JobPostingCell.swift */; };
		DB03D70F2312861D00BC6493 /* JobPostingCell.xib in Resources */ = {isa = PBXBuildFile; fileRef = DB03D70D2312861D00BC6493 /* JobPostingCell.xib */; };
		DB03D7122312863200BC6493 /* ReviewCell.swift in Sources */ = {isa = PBXBuildFile; fileRef = DB03D7102312863200BC6493 /* ReviewCell.swift */; };
		DB03D7132312863200BC6493 /* ReviewCell.xib in Resources */ = {isa = PBXBuildFile; fileRef = DB03D7112312863200BC6493 /* ReviewCell.xib */; };
		DB03D7162312864C00BC6493 /* SalaryCell.swift in Sources */ = {isa = PBXBuildFile; fileRef = DB03D7142312864C00BC6493 /* SalaryCell.swift */; };
		DB03D7172312864C00BC6493 /* SalaryCell.xib in Resources */ = {isa = PBXBuildFile; fileRef = DB03D7152312864C00BC6493 /* SalaryCell.xib */; };
		DB03D71B231286E600BC6493 /* ThemeCollectionViewCell.swift in Sources */ = {isa = PBXBuildFile; fileRef = DB03D719231286E600BC6493 /* ThemeCollectionViewCell.swift */; };
		DB03D71C231286E600BC6493 /* ThemeCollectionViewCell.xib in Resources */ = {isa = PBXBuildFile; fileRef = DB03D71A231286E600BC6493 /* ThemeCollectionViewCell.xib */; };
		DB03D71F23128B5C00BC6493 /* CompanyInfoTitleView.swift in Sources */ = {isa = PBXBuildFile; fileRef = DB03D71E23128B5C00BC6493 /* CompanyInfoTitleView.swift */; };
		DB03D72123128B6C00BC6493 /* CompanyInfoTitleView.xib in Resources */ = {isa = PBXBuildFile; fileRef = DB03D72023128B6C00BC6493 /* CompanyInfoTitleView.xib */; };
		DB03D7232312AC5D00BC6493 /* UIColorExtension.swift in Sources */ = {isa = PBXBuildFile; fileRef = DB03D7222312AC5D00BC6493 /* UIColorExtension.swift */; };
		DB03D7252312B85500BC6493 /* HasShowMoreButton.swift in Sources */ = {isa = PBXBuildFile; fileRef = DB03D7242312B85500BC6493 /* HasShowMoreButton.swift */; };
		DB03D72C2312EF5100BC6493 /* DetailViewController.swift in Sources */ = {isa = PBXBuildFile; fileRef = DB03D7292312EF5100BC6493 /* DetailViewController.swift */; };
		DB03D72D2312EF5100BC6493 /* DetailViewReactor.swift in Sources */ = {isa = PBXBuildFile; fileRef = DB03D72A2312EF5100BC6493 /* DetailViewReactor.swift */; };
		DB03D72F2312F09800BC6493 /* UIViewControllerExtension.swift in Sources */ = {isa = PBXBuildFile; fileRef = DB03D72E2312F09800BC6493 /* UIViewControllerExtension.swift */; };
		DB0F83CB230E7C7E00032394 /* Theme.swift in Sources */ = {isa = PBXBuildFile; fileRef = DB0F83CA230E7C7E00032394 /* Theme.swift */; };
		DB1CF0F02320D353005BEB0E /* Stub.swift in Sources */ = {isa = PBXBuildFile; fileRef = DB1CF0EF2320D353005BEB0E /* Stub.swift */; };
		DB9275FA230D0DA9001FF7FE /* AppDelegate.swift in Sources */ = {isa = PBXBuildFile; fileRef = DB9275F9230D0DA9001FF7FE /* AppDelegate.swift */; };
		DB927601230D0DAB001FF7FE /* Assets.xcassets in Resources */ = {isa = PBXBuildFile; fileRef = DB927600230D0DAB001FF7FE /* Assets.xcassets */; };
		DB927604230D0DAB001FF7FE /* LaunchScreen.storyboard in Resources */ = {isa = PBXBuildFile; fileRef = DB927602230D0DAB001FF7FE /* LaunchScreen.storyboard */; };
		DB92760F230D0DAB001FF7FE /* jobplanetTestTests.swift in Sources */ = {isa = PBXBuildFile; fileRef = DB92760E230D0DAB001FF7FE /* jobplanetTestTests.swift */; };
		DB92761A230D0DAB001FF7FE /* jobplanetTestUITests.swift in Sources */ = {isa = PBXBuildFile; fileRef = DB927619230D0DAB001FF7FE /* jobplanetTestUITests.swift */; };
		DB94221B23103D95007CA8F9 /* CompanyCell.swift in Sources */ = {isa = PBXBuildFile; fileRef = DB94221923103D95007CA8F9 /* CompanyCell.swift */; };
		DB94221C23103D95007CA8F9 /* CompanyCell.xib in Resources */ = {isa = PBXBuildFile; fileRef = DB94221A23103D95007CA8F9 /* CompanyCell.xib */; };
		DB942222231172AE007CA8F9 /* DisposableExtension.swift in Sources */ = {isa = PBXBuildFile; fileRef = DB942221231172AE007CA8F9 /* DisposableExtension.swift */; };
		DB94222723117343007CA8F9 /* UseCompositeDisposable.swift in Sources */ = {isa = PBXBuildFile; fileRef = DB94222623117343007CA8F9 /* UseCompositeDisposable.swift */; };
		DB94222923117A2F007CA8F9 /* IntExtension.swift in Sources */ = {isa = PBXBuildFile; fileRef = DB94222823117A2F007CA8F9 /* IntExtension.swift */; };
		DB94222B23117AF9007CA8F9 /* StringAttributeExtension.swift in Sources */ = {isa = PBXBuildFile; fileRef = DB94222A23117AF9007CA8F9 /* StringAttributeExtension.swift */; };
		DB9F8F1D230D797700E724B6 /* JobplanetAPI.swift in Sources */ = {isa = PBXBuildFile; fileRef = DB9F8F1C230D797700E724B6 /* JobplanetAPI.swift */; };
		DB9F8F1F230D7A5200E724B6 /* Networking.swift in Sources */ = {isa = PBXBuildFile; fileRef = DB9F8F1E230D7A5200E724B6 /* Networking.swift */; };
		DB9F8F22230D7ED200E724B6 /* NetworkService.swift in Sources */ = {isa = PBXBuildFile; fileRef = DB9F8F21230D7ED200E724B6 /* NetworkService.swift */; };
		DB9F8F2D230D803600E724B6 /* Main.storyboard in Resources */ = {isa = PBXBuildFile; fileRef = DB9F8F2A230D803600E724B6 /* Main.storyboard */; };
		DB9F8F2E230D803600E724B6 /* MainViewController.swift in Sources */ = {isa = PBXBuildFile; fileRef = DB9F8F2B230D803600E724B6 /* MainViewController.swift */; };
		DB9F8F2F230D803600E724B6 /* MainViewReactor.swift in Sources */ = {isa = PBXBuildFile; fileRef = DB9F8F2C230D803600E724B6 /* MainViewReactor.swift */; };
		DB9F8F32230D88B700E724B6 /* Jobplanet.swift in Sources */ = {isa = PBXBuildFile; fileRef = DB9F8F31230D88B700E724B6 /* Jobplanet.swift */; };
		DB9F8F35230D93DF00E724B6 /* CellTypeModel.swift in Sources */ = {isa = PBXBuildFile; fileRef = DB9F8F34230D93DF00E724B6 /* CellTypeModel.swift */; };
		DB9F8F38230D941A00E724B6 /* CellType.swift in Sources */ = {isa = PBXBuildFile; fileRef = DB9F8F37230D941A00E724B6 /* CellType.swift */; };
		DB9F8F3B230D944600E724B6 /* Company.swift in Sources */ = {isa = PBXBuildFile; fileRef = DB9F8F3A230D944600E724B6 /* Company.swift */; };
		DB9F8F3D230D947A00E724B6 /* HorizontalTheme.swift in Sources */ = {isa = PBXBuildFile; fileRef = DB9F8F3C230D947A00E724B6 /* HorizontalTheme.swift */; };
		DB9F8F3F230D949100E724B6 /* Interview.swift in Sources */ = {isa = PBXBuildFile; fileRef = DB9F8F3E230D949100E724B6 /* Interview.swift */; };
		DB9F8F41230D94A700E724B6 /* JobPosting.swift in Sources */ = {isa = PBXBuildFile; fileRef = DB9F8F40230D94A700E724B6 /* JobPosting.swift */; };
		DB9F8F43230D94CF00E724B6 /* Review.swift in Sources */ = {isa = PBXBuildFile; fileRef = DB9F8F42230D94CF00E724B6 /* Review.swift */; };
		DB9F8F45230D94E600E724B6 /* Salary.swift in Sources */ = {isa = PBXBuildFile; fileRef = DB9F8F44230D94E600E724B6 /* Salary.swift */; };
		DB9F8F47230D950B00E724B6 /* CellItem.swift in Sources */ = {isa = PBXBuildFile; fileRef = DB9F8F46230D950B00E724B6 /* CellItem.swift */; };
		DB9F8F49230ED49700E724B6 /* Deadline.swift in Sources */ = {isa = PBXBuildFile; fileRef = DB9F8F48230ED49700E724B6 /* Deadline.swift */; };
/* End PBXBuildFile section */

/* Begin PBXContainerItemProxy section */
		DB92760B230D0DAB001FF7FE /* PBXContainerItemProxy */ = {
			isa = PBXContainerItemProxy;
			containerPortal = DB9275EE230D0DA9001FF7FE /* Project object */;
			proxyType = 1;
			remoteGlobalIDString = DB9275F5230D0DA9001FF7FE;
			remoteInfo = jobplanetTest;
		};
		DB927616230D0DAB001FF7FE /* PBXContainerItemProxy */ = {
			isa = PBXContainerItemProxy;
			containerPortal = DB9275EE230D0DA9001FF7FE /* Project object */;
			proxyType = 1;
			remoteGlobalIDString = DB9275F5230D0DA9001FF7FE;
			remoteInfo = jobplanetTest;
		};
/* End PBXContainerItemProxy section */

/* Begin PBXFileReference section */
		02FFCA1F1A79B3170257DF24 /* Pods_jobplanetTest.framework */ = {isa = PBXFileReference; explicitFileType = wrapper.framework; includeInIndex = 0; path = Pods_jobplanetTest.framework; sourceTree = BUILT_PRODUCTS_DIR; };
		181566FBFB38794C01A21144 /* Pods_jobplanetTestTests.framework */ = {isa = PBXFileReference; explicitFileType = wrapper.framework; includeInIndex = 0; path = Pods_jobplanetTestTests.framework; sourceTree = BUILT_PRODUCTS_DIR; };
		2C4CC98EB581D8DB096ED3AF /* Pods-jobplanetTestUITests.release.xcconfig */ = {isa = PBXFileReference; includeInIndex = 1; lastKnownFileType = text.xcconfig; name = "Pods-jobplanetTestUITests.release.xcconfig"; path = "Target Support Files/Pods-jobplanetTestUITests/Pods-jobplanetTestUITests.release.xcconfig"; sourceTree = "<group>"; };
		4F92A47DF9EAD36DCEC30D0A /* Pods-jobplanetTest.debug.xcconfig */ = {isa = PBXFileReference; includeInIndex = 1; lastKnownFileType = text.xcconfig; name = "Pods-jobplanetTest.debug.xcconfig"; path = "Target Support Files/Pods-jobplanetTest/Pods-jobplanetTest.debug.xcconfig"; sourceTree = "<group>"; };
		8D408B85BE95933390CE73C2 /* Pods-jobplanetTest.release.xcconfig */ = {isa = PBXFileReference; includeInIndex = 1; lastKnownFileType = text.xcconfig; name = "Pods-jobplanetTest.release.xcconfig"; path = "Target Support Files/Pods-jobplanetTest/Pods-jobplanetTest.release.xcconfig"; sourceTree = "<group>"; };
		9BE9B9D99DF40778921E9092 /* Pods-jobplanetTestUITests.debug.xcconfig */ = {isa = PBXFileReference; includeInIndex = 1; lastKnownFileType = text.xcconfig; name = "Pods-jobplanetTestUITests.debug.xcconfig"; path = "Target Support Files/Pods-jobplanetTestUITests/Pods-jobplanetTestUITests.debug.xcconfig"; sourceTree = "<group>"; };
		A0489ADD3F0FDCE0BA80AA23 /* Pods_jobplanetTestUITests.framework */ = {isa = PBXFileReference; explicitFileType = wrapper.framework; includeInIndex = 0; path = Pods_jobplanetTestUITests.framework; sourceTree = BUILT_PRODUCTS_DIR; };
		B9A971718076E07450ABF86D /* Pods-jobplanetTestTests.debug.xcconfig */ = {isa = PBXFileReference; includeInIndex = 1; lastKnownFileType = text.xcconfig; name = "Pods-jobplanetTestTests.debug.xcconfig"; path = "Target Support Files/Pods-jobplanetTestTests/Pods-jobplanetTestTests.debug.xcconfig"; sourceTree = "<group>"; };
		DB03D6F62311815900BC6493 /* MainViewSection.swift */ = {isa = PBXFileReference; lastKnownFileType = sourcecode.swift; path = MainViewSection.swift; sourceTree = "<group>"; };
		DB03D6F82311915900BC6493 /* SectionItemReactor.swift */ = {isa = PBXFileReference; lastKnownFileType = sourcecode.swift; path = SectionItemReactor.swift; sourceTree = "<group>"; };
		DB03D6FA2311B53A00BC6493 /* NibLoadableView.swift */ = {isa = PBXFileReference; lastKnownFileType = sourcecode.swift; path = NibLoadableView.swift; sourceTree = "<group>"; };
		DB03D704231285EB00BC6493 /* HorizontalThemeCell.swift */ = {isa = PBXFileReference; lastKnownFileType = sourcecode.swift; path = HorizontalThemeCell.swift; sourceTree = "<group>"; };
		DB03D705231285EB00BC6493 /* HorizontalThemeCell.xib */ = {isa = PBXFileReference; lastKnownFileType = file.xib; path = HorizontalThemeCell.xib; sourceTree = "<group>"; };
		DB03D7082312860800BC6493 /* InterviewCell.swift */ = {isa = PBXFileReference; lastKnownFileType = sourcecode.swift; path = InterviewCell.swift; sourceTree = "<group>"; };
		DB03D7092312860800BC6493 /* InterviewCell.xib */ = {isa = PBXFileReference; lastKnownFileType = file.xib; path = InterviewCell.xib; sourceTree = "<group>"; };
		DB03D70C2312861D00BC6493 /* JobPostingCell.swift */ = {isa = PBXFileReference; lastKnownFileType = sourcecode.swift; path = JobPostingCell.swift; sourceTree = "<group>"; };
		DB03D70D2312861D00BC6493 /* JobPostingCell.xib */ = {isa = PBXFileReference; lastKnownFileType = file.xib; path = JobPostingCell.xib; sourceTree = "<group>"; };
		DB03D7102312863200BC6493 /* ReviewCell.swift */ = {isa = PBXFileReference; lastKnownFileType = sourcecode.swift; path = ReviewCell.swift; sourceTree = "<group>"; };
		DB03D7112312863200BC6493 /* ReviewCell.xib */ = {isa = PBXFileReference; lastKnownFileType = file.xib; path = ReviewCell.xib; sourceTree = "<group>"; };
		DB03D7142312864C00BC6493 /* SalaryCell.swift */ = {isa = PBXFileReference; lastKnownFileType = sourcecode.swift; path = SalaryCell.swift; sourceTree = "<group>"; };
		DB03D7152312864C00BC6493 /* SalaryCell.xib */ = {isa = PBXFileReference; lastKnownFileType = file.xib; path = SalaryCell.xib; sourceTree = "<group>"; };
		DB03D719231286E600BC6493 /* ThemeCollectionViewCell.swift */ = {isa = PBXFileReference; lastKnownFileType = sourcecode.swift; path = ThemeCollectionViewCell.swift; sourceTree = "<group>"; };
		DB03D71A231286E600BC6493 /* ThemeCollectionViewCell.xib */ = {isa = PBXFileReference; lastKnownFileType = file.xib; path = ThemeCollectionViewCell.xib; sourceTree = "<group>"; };
		DB03D71E23128B5C00BC6493 /* CompanyInfoTitleView.swift */ = {isa = PBXFileReference; lastKnownFileType = sourcecode.swift; path = CompanyInfoTitleView.swift; sourceTree = "<group>"; };
		DB03D72023128B6C00BC6493 /* CompanyInfoTitleView.xib */ = {isa = PBXFileReference; lastKnownFileType = file.xib; path = CompanyInfoTitleView.xib; sourceTree = "<group>"; };
		DB03D7222312AC5D00BC6493 /* UIColorExtension.swift */ = {isa = PBXFileReference; lastKnownFileType = sourcecode.swift; path = UIColorExtension.swift; sourceTree = "<group>"; };
		DB03D7242312B85500BC6493 /* HasShowMoreButton.swift */ = {isa = PBXFileReference; lastKnownFileType = sourcecode.swift; path = HasShowMoreButton.swift; sourceTree = "<group>"; };
		DB03D7292312EF5100BC6493 /* DetailViewController.swift */ = {isa = PBXFileReference; lastKnownFileType = sourcecode.swift; path = DetailViewController.swift; sourceTree = "<group>"; };
		DB03D72A2312EF5100BC6493 /* DetailViewReactor.swift */ = {isa = PBXFileReference; lastKnownFileType = sourcecode.swift; path = DetailViewReactor.swift; sourceTree = "<group>"; };
		DB03D72E2312F09800BC6493 /* UIViewControllerExtension.swift */ = {isa = PBXFileReference; lastKnownFileType = sourcecode.swift; path = UIViewControllerExtension.swift; sourceTree = "<group>"; };
		DB0F83CA230E7C7E00032394 /* Theme.swift */ = {isa = PBXFileReference; lastKnownFileType = sourcecode.swift; path = Theme.swift; sourceTree = "<group>"; };
		DB1CF0EF2320D353005BEB0E /* Stub.swift */ = {isa = PBXFileReference; lastKnownFileType = sourcecode.swift; path = Stub.swift; sourceTree = "<group>"; };
		DB9275F6230D0DA9001FF7FE /* jobplanetTest.app */ = {isa = PBXFileReference; explicitFileType = wrapper.application; includeInIndex = 0; path = jobplanetTest.app; sourceTree = BUILT_PRODUCTS_DIR; };
		DB9275F9230D0DA9001FF7FE /* AppDelegate.swift */ = {isa = PBXFileReference; lastKnownFileType = sourcecode.swift; path = AppDelegate.swift; sourceTree = "<group>"; };
		DB927600230D0DAB001FF7FE /* Assets.xcassets */ = {isa = PBXFileReference; lastKnownFileType = folder.assetcatalog; path = Assets.xcassets; sourceTree = "<group>"; };
		DB927603230D0DAB001FF7FE /* Base */ = {isa = PBXFileReference; lastKnownFileType = file.storyboard; name = Base; path = Base.lproj/LaunchScreen.storyboard; sourceTree = "<group>"; };
		DB927605230D0DAB001FF7FE /* Info.plist */ = {isa = PBXFileReference; lastKnownFileType = text.plist.xml; path = Info.plist; sourceTree = "<group>"; };
		DB92760A230D0DAB001FF7FE /* jobplanetTestTests.xctest */ = {isa = PBXFileReference; explicitFileType = wrapper.cfbundle; includeInIndex = 0; path = jobplanetTestTests.xctest; sourceTree = BUILT_PRODUCTS_DIR; };
		DB92760E230D0DAB001FF7FE /* jobplanetTestTests.swift */ = {isa = PBXFileReference; lastKnownFileType = sourcecode.swift; path = jobplanetTestTests.swift; sourceTree = "<group>"; };
		DB927610230D0DAB001FF7FE /* Info.plist */ = {isa = PBXFileReference; lastKnownFileType = text.plist.xml; path = Info.plist; sourceTree = "<group>"; };
		DB927615230D0DAB001FF7FE /* jobplanetTestUITests.xctest */ = {isa = PBXFileReference; explicitFileType = wrapper.cfbundle; includeInIndex = 0; path = jobplanetTestUITests.xctest; sourceTree = BUILT_PRODUCTS_DIR; };
		DB927619230D0DAB001FF7FE /* jobplanetTestUITests.swift */ = {isa = PBXFileReference; lastKnownFileType = sourcecode.swift; path = jobplanetTestUITests.swift; sourceTree = "<group>"; };
		DB92761B230D0DAB001FF7FE /* Info.plist */ = {isa = PBXFileReference; lastKnownFileType = text.plist.xml; path = Info.plist; sourceTree = "<group>"; };
		DB94221923103D95007CA8F9 /* CompanyCell.swift */ = {isa = PBXFileReference; lastKnownFileType = sourcecode.swift; path = CompanyCell.swift; sourceTree = "<group>"; };
		DB94221A23103D95007CA8F9 /* CompanyCell.xib */ = {isa = PBXFileReference; lastKnownFileType = file.xib; path = CompanyCell.xib; sourceTree = "<group>"; };
		DB942221231172AE007CA8F9 /* DisposableExtension.swift */ = {isa = PBXFileReference; lastKnownFileType = sourcecode.swift; path = DisposableExtension.swift; sourceTree = "<group>"; };
		DB94222623117343007CA8F9 /* UseCompositeDisposable.swift */ = {isa = PBXFileReference; lastKnownFileType = sourcecode.swift; path = UseCompositeDisposable.swift; sourceTree = "<group>"; };
		DB94222823117A2F007CA8F9 /* IntExtension.swift */ = {isa = PBXFileReference; lastKnownFileType = sourcecode.swift; path = IntExtension.swift; sourceTree = "<group>"; };
		DB94222A23117AF9007CA8F9 /* StringAttributeExtension.swift */ = {isa = PBXFileReference; lastKnownFileType = sourcecode.swift; path = StringAttributeExtension.swift; sourceTree = "<group>"; };
		DB9F8F1C230D797700E724B6 /* JobplanetAPI.swift */ = {isa = PBXFileReference; lastKnownFileType = sourcecode.swift; path = JobplanetAPI.swift; sourceTree = "<group>"; };
		DB9F8F1E230D7A5200E724B6 /* Networking.swift */ = {isa = PBXFileReference; lastKnownFileType = sourcecode.swift; path = Networking.swift; sourceTree = "<group>"; };
		DB9F8F21230D7ED200E724B6 /* NetworkService.swift */ = {isa = PBXFileReference; lastKnownFileType = sourcecode.swift; path = NetworkService.swift; sourceTree = "<group>"; };
		DB9F8F2A230D803600E724B6 /* Main.storyboard */ = {isa = PBXFileReference; lastKnownFileType = file.storyboard; name = Main.storyboard; path = ViewControllers/Main.storyboard; sourceTree = "<group>"; };
		DB9F8F2B230D803600E724B6 /* MainViewController.swift */ = {isa = PBXFileReference; lastKnownFileType = sourcecode.swift; path = MainViewController.swift; sourceTree = "<group>"; };
		DB9F8F2C230D803600E724B6 /* MainViewReactor.swift */ = {isa = PBXFileReference; lastKnownFileType = sourcecode.swift; path = MainViewReactor.swift; sourceTree = "<group>"; };
		DB9F8F31230D88B700E724B6 /* Jobplanet.swift */ = {isa = PBXFileReference; lastKnownFileType = sourcecode.swift; path = Jobplanet.swift; sourceTree = "<group>"; };
		DB9F8F34230D93DF00E724B6 /* CellTypeModel.swift */ = {isa = PBXFileReference; lastKnownFileType = sourcecode.swift; path = CellTypeModel.swift; sourceTree = "<group>"; };
		DB9F8F37230D941A00E724B6 /* CellType.swift */ = {isa = PBXFileReference; lastKnownFileType = sourcecode.swift; path = CellType.swift; sourceTree = "<group>"; };
		DB9F8F3A230D944600E724B6 /* Company.swift */ = {isa = PBXFileReference; lastKnownFileType = sourcecode.swift; path = Company.swift; sourceTree = "<group>"; };
		DB9F8F3C230D947A00E724B6 /* HorizontalTheme.swift */ = {isa = PBXFileReference; lastKnownFileType = sourcecode.swift; path = HorizontalTheme.swift; sourceTree = "<group>"; };
		DB9F8F3E230D949100E724B6 /* Interview.swift */ = {isa = PBXFileReference; lastKnownFileType = sourcecode.swift; path = Interview.swift; sourceTree = "<group>"; };
		DB9F8F40230D94A700E724B6 /* JobPosting.swift */ = {isa = PBXFileReference; lastKnownFileType = sourcecode.swift; path = JobPosting.swift; sourceTree = "<group>"; };
		DB9F8F42230D94CF00E724B6 /* Review.swift */ = {isa = PBXFileReference; lastKnownFileType = sourcecode.swift; path = Review.swift; sourceTree = "<group>"; };
		DB9F8F44230D94E600E724B6 /* Salary.swift */ = {isa = PBXFileReference; lastKnownFileType = sourcecode.swift; path = Salary.swift; sourceTree = "<group>"; };
		DB9F8F46230D950B00E724B6 /* CellItem.swift */ = {isa = PBXFileReference; lastKnownFileType = sourcecode.swift; path = CellItem.swift; sourceTree = "<group>"; };
		DB9F8F48230ED49700E724B6 /* Deadline.swift */ = {isa = PBXFileReference; lastKnownFileType = sourcecode.swift; path = Deadline.swift; sourceTree = "<group>"; };
		E0EDD30AEB9A2D6B44227324 /* Pods-jobplanetTestTests.release.xcconfig */ = {isa = PBXFileReference; includeInIndex = 1; lastKnownFileType = text.xcconfig; name = "Pods-jobplanetTestTests.release.xcconfig"; path = "Target Support Files/Pods-jobplanetTestTests/Pods-jobplanetTestTests.release.xcconfig"; sourceTree = "<group>"; };
/* End PBXFileReference section */

/* Begin PBXFrameworksBuildPhase section */
		DB9275F3230D0DA9001FF7FE /* Frameworks */ = {
			isa = PBXFrameworksBuildPhase;
			buildActionMask = 2147483647;
			files = (
				5DC3BCA8145DFBDF5E50F4CC /* Pods_jobplanetTest.framework in Frameworks */,
			);
			runOnlyForDeploymentPostprocessing = 0;
		};
		DB927607230D0DAB001FF7FE /* Frameworks */ = {
			isa = PBXFrameworksBuildPhase;
			buildActionMask = 2147483647;
			files = (
				70F79FA1D963DFB31D3F5366 /* Pods_jobplanetTestTests.framework in Frameworks */,
			);
			runOnlyForDeploymentPostprocessing = 0;
		};
		DB927612230D0DAB001FF7FE /* Frameworks */ = {
			isa = PBXFrameworksBuildPhase;
			buildActionMask = 2147483647;
			files = (
				B134A4A2C40207245F80CAC1 /* Pods_jobplanetTestUITests.framework in Frameworks */,
			);
			runOnlyForDeploymentPostprocessing = 0;
		};
/* End PBXFrameworksBuildPhase section */

/* Begin PBXGroup section */
		754C64F9EB7D6B9CCED51E70 /* Pods */ = {
			isa = PBXGroup;
			children = (
				4F92A47DF9EAD36DCEC30D0A /* Pods-jobplanetTest.debug.xcconfig */,
				8D408B85BE95933390CE73C2 /* Pods-jobplanetTest.release.xcconfig */,
				B9A971718076E07450ABF86D /* Pods-jobplanetTestTests.debug.xcconfig */,
				E0EDD30AEB9A2D6B44227324 /* Pods-jobplanetTestTests.release.xcconfig */,
				9BE9B9D99DF40778921E9092 /* Pods-jobplanetTestUITests.debug.xcconfig */,
				2C4CC98EB581D8DB096ED3AF /* Pods-jobplanetTestUITests.release.xcconfig */,
			);
			path = Pods;
			sourceTree = "<group>";
		};
		CF31C42BC115BB6F7474219B /* Frameworks */ = {
			isa = PBXGroup;
			children = (
				02FFCA1F1A79B3170257DF24 /* Pods_jobplanetTest.framework */,
				181566FBFB38794C01A21144 /* Pods_jobplanetTestTests.framework */,
				A0489ADD3F0FDCE0BA80AA23 /* Pods_jobplanetTestUITests.framework */,
			);
			name = Frameworks;
			sourceTree = "<group>";
		};
		DB03D6F52311813300BC6493 /* Sections */ = {
			isa = PBXGroup;
			children = (
				DB03D6F62311815900BC6493 /* MainViewSection.swift */,
			);
			path = Sections;
			sourceTree = "<group>";
		};
		DB03D6FC2311C23C00BC6493 /* Protocols */ = {
			isa = PBXGroup;
			children = (
				DB03D7242312B85500BC6493 /* HasShowMoreButton.swift */,
			);
			path = Protocols;
			sourceTree = "<group>";
		};
		DB03D6FF2312854D00BC6493 /* HorizontalThemeCell */ = {
			isa = PBXGroup;
			children = (
				DB03D718231286C100BC6493 /* ThemeCollectionViewCell */,
				DB03D704231285EB00BC6493 /* HorizontalThemeCell.swift */,
				DB03D705231285EB00BC6493 /* HorizontalThemeCell.xib */,
			);
			path = HorizontalThemeCell;
			sourceTree = "<group>";
		};
		DB03D7002312855C00BC6493 /* InterviewCell */ = {
			isa = PBXGroup;
			children = (
				DB03D7082312860800BC6493 /* InterviewCell.swift */,
				DB03D7092312860800BC6493 /* InterviewCell.xib */,
			);
			path = InterviewCell;
			sourceTree = "<group>";
		};
		DB03D7012312856900BC6493 /* JobPostingCell */ = {
			isa = PBXGroup;
			children = (
				DB03D70C2312861D00BC6493 /* JobPostingCell.swift */,
				DB03D70D2312861D00BC6493 /* JobPostingCell.xib */,
			);
			path = JobPostingCell;
			sourceTree = "<group>";
		};
		DB03D7022312857300BC6493 /* ReviewCell */ = {
			isa = PBXGroup;
			children = (
				DB03D7102312863200BC6493 /* ReviewCell.swift */,
				DB03D7112312863200BC6493 /* ReviewCell.xib */,
			);
			path = ReviewCell;
			sourceTree = "<group>";
		};
		DB03D7032312858700BC6493 /* SalaryCell */ = {
			isa = PBXGroup;
			children = (
				DB03D7142312864C00BC6493 /* SalaryCell.swift */,
				DB03D7152312864C00BC6493 /* SalaryCell.xib */,
			);
			path = SalaryCell;
			sourceTree = "<group>";
		};
		DB03D718231286C100BC6493 /* ThemeCollectionViewCell */ = {
			isa = PBXGroup;
			children = (
				DB03D719231286E600BC6493 /* ThemeCollectionViewCell.swift */,
				DB03D71A231286E600BC6493 /* ThemeCollectionViewCell.xib */,
			);
			path = ThemeCollectionViewCell;
			sourceTree = "<group>";
		};
		DB03D71D23128B2700BC6493 /* CompanyInfoTitleView */ = {
			isa = PBXGroup;
			children = (
				DB03D71E23128B5C00BC6493 /* CompanyInfoTitleView.swift */,
				DB03D72023128B6C00BC6493 /* CompanyInfoTitleView.xib */,
			);
			path = CompanyInfoTitleView;
			sourceTree = "<group>";
		};
		DB9275ED230D0DA9001FF7FE = {
			isa = PBXGroup;
			children = (
				DB9275F8230D0DA9001FF7FE /* jobplanetTest */,
				DB92760D230D0DAB001FF7FE /* jobplanetTestTests */,
				DB927618230D0DAB001FF7FE /* jobplanetTestUITests */,
				DB9275F7230D0DA9001FF7FE /* Products */,
				754C64F9EB7D6B9CCED51E70 /* Pods */,
				CF31C42BC115BB6F7474219B /* Frameworks */,
			);
			sourceTree = "<group>";
		};
		DB9275F7230D0DA9001FF7FE /* Products */ = {
			isa = PBXGroup;
			children = (
				DB9275F6230D0DA9001FF7FE /* jobplanetTest.app */,
				DB92760A230D0DAB001FF7FE /* jobplanetTestTests.xctest */,
				DB927615230D0DAB001FF7FE /* jobplanetTestUITests.xctest */,
			);
			name = Products;
			sourceTree = "<group>";
		};
		DB9275F8230D0DA9001FF7FE /* jobplanetTest */ = {
			isa = PBXGroup;
			children = (
				DB94222023117118007CA8F9 /* Extensions */,
				DB942223231172ED007CA8F9 /* Common */,
				DB9F8F1B230D794000E724B6 /* Networking */,
				DB9F8F20230D7EBB00E724B6 /* Service */,
				DB9F8F30230D887A00E724B6 /* Models */,
				DB03D6F52311813300BC6493 /* Sections */,
				DB94221423103CD7007CA8F9 /* Views */,
				DB9F8F23230D7FBF00E724B6 /* ViewControllers */,
				DB9F8F2A230D803600E724B6 /* Main.storyboard */,
				DB9275F9230D0DA9001FF7FE /* AppDelegate.swift */,
				DB927600230D0DAB001FF7FE /* Assets.xcassets */,
				DB927602230D0DAB001FF7FE /* LaunchScreen.storyboard */,
				DB927605230D0DAB001FF7FE /* Info.plist */,
			);
			path = jobplanetTest;
			sourceTree = "<group>";
		};
		DB92760D230D0DAB001FF7FE /* jobplanetTestTests */ = {
			isa = PBXGroup;
			children = (
				DB92760E230D0DAB001FF7FE /* jobplanetTestTests.swift */,
				DB927610230D0DAB001FF7FE /* Info.plist */,
			);
			path = jobplanetTestTests;
			sourceTree = "<group>";
		};
		DB927618230D0DAB001FF7FE /* jobplanetTestUITests */ = {
			isa = PBXGroup;
			children = (
				DB927619230D0DAB001FF7FE /* jobplanetTestUITests.swift */,
				DB92761B230D0DAB001FF7FE /* Info.plist */,
			);
			path = jobplanetTestUITests;
			sourceTree = "<group>";
		};
		DB94221423103CD7007CA8F9 /* Views */ = {
			isa = PBXGroup;
			children = (
				DB03D6FC2311C23C00BC6493 /* Protocols */,
				DB03D71D23128B2700BC6493 /* CompanyInfoTitleView */,
				DB94221F23113B30007CA8F9 /* CompanyCell */,
				DB03D6FF2312854D00BC6493 /* HorizontalThemeCell */,
				DB03D7002312855C00BC6493 /* InterviewCell */,
				DB03D7012312856900BC6493 /* JobPostingCell */,
				DB03D7022312857300BC6493 /* ReviewCell */,
				DB03D7032312858700BC6493 /* SalaryCell */,
				DB03D6F82311915900BC6493 /* SectionItemReactor.swift */,
			);
			path = Views;
			sourceTree = "<group>";
		};
		DB94221F23113B30007CA8F9 /* CompanyCell */ = {
			isa = PBXGroup;
			children = (
				DB94221923103D95007CA8F9 /* CompanyCell.swift */,
				DB94221A23103D95007CA8F9 /* CompanyCell.xib */,
			);
			path = CompanyCell;
			sourceTree = "<group>";
		};
		DB94222023117118007CA8F9 /* Extensions */ = {
			isa = PBXGroup;
			children = (
				DB942221231172AE007CA8F9 /* DisposableExtension.swift */,
				DB94222823117A2F007CA8F9 /* IntExtension.swift */,
				DB94222A23117AF9007CA8F9 /* StringAttributeExtension.swift */,
				DB03D7222312AC5D00BC6493 /* UIColorExtension.swift */,
				DB03D72E2312F09800BC6493 /* UIViewControllerExtension.swift */,
			);
			path = Extensions;
			sourceTree = "<group>";
		};
		DB942223231172ED007CA8F9 /* Common */ = {
			isa = PBXGroup;
			children = (
				DB942224231172FE007CA8F9 /* Protocol */,
			);
			path = Common;
			sourceTree = "<group>";
		};
		DB942224231172FE007CA8F9 /* Protocol */ = {
			isa = PBXGroup;
			children = (
				DB94222623117343007CA8F9 /* UseCompositeDisposable.swift */,
				DB03D6FA2311B53A00BC6493 /* NibLoadableView.swift */,
			);
			path = Protocol;
			sourceTree = "<group>";
		};
		DB9F8F1B230D794000E724B6 /* Networking */ = {
			isa = PBXGroup;
			children = (
				DB9F8F1C230D797700E724B6 /* JobplanetAPI.swift */,
				DB9F8F1E230D7A5200E724B6 /* Networking.swift */,
			);
			path = Networking;
			sourceTree = "<group>";
		};
		DB9F8F20230D7EBB00E724B6 /* Service */ = {
			isa = PBXGroup;
			children = (
				DB9F8F21230D7ED200E724B6 /* NetworkService.swift */,
			);
			path = Service;
			sourceTree = "<group>";
		};
		DB9F8F23230D7FBF00E724B6 /* ViewControllers */ = {
			isa = PBXGroup;
			children = (
				DB9F8F2B230D803600E724B6 /* MainViewController.swift */,
				DB9F8F2C230D803600E724B6 /* MainViewReactor.swift */,
				DB03D7292312EF5100BC6493 /* DetailViewController.swift */,
				DB03D72A2312EF5100BC6493 /* DetailViewReactor.swift */,
			);
			path = ViewControllers;
			sourceTree = "<group>";
		};
		DB9F8F30230D887A00E724B6 /* Models */ = {
			isa = PBXGroup;
			children = (
				DB9F8F36230D940700E724B6 /* Enum */,
				DB9F8F33230D93C800E724B6 /* Protocols */,
				DB9F8F39230D942D00E724B6 /* CellModel */,
				DB9F8F31230D88B700E724B6 /* Jobplanet.swift */,
				DB1CF0EF2320D353005BEB0E /* Stub.swift */,
			);
			path = Models;
			sourceTree = "<group>";
		};
		DB9F8F33230D93C800E724B6 /* Protocols */ = {
			isa = PBXGroup;
			children = (
				DB9F8F34230D93DF00E724B6 /* CellTypeModel.swift */,
			);
			path = Protocols;
			sourceTree = "<group>";
		};
		DB9F8F36230D940700E724B6 /* Enum */ = {
			isa = PBXGroup;
			children = (
				DB9F8F37230D941A00E724B6 /* CellType.swift */,
			);
			path = Enum;
			sourceTree = "<group>";
		};
		DB9F8F39230D942D00E724B6 /* CellModel */ = {
			isa = PBXGroup;
			children = (
				DB9F8F46230D950B00E724B6 /* CellItem.swift */,
				DB9F8F3A230D944600E724B6 /* Company.swift */,
				DB9F8F3C230D947A00E724B6 /* HorizontalTheme.swift */,
				DB0F83CA230E7C7E00032394 /* Theme.swift */,
				DB9F8F3E230D949100E724B6 /* Interview.swift */,
				DB9F8F40230D94A700E724B6 /* JobPosting.swift */,
				DB9F8F48230ED49700E724B6 /* Deadline.swift */,
				DB9F8F42230D94CF00E724B6 /* Review.swift */,
				DB9F8F44230D94E600E724B6 /* Salary.swift */,
			);
			path = CellModel;
			sourceTree = "<group>";
		};
/* End PBXGroup section */

/* Begin PBXNativeTarget section */
		DB9275F5230D0DA9001FF7FE /* jobplanetTest */ = {
			isa = PBXNativeTarget;
			buildConfigurationList = DB92761E230D0DAB001FF7FE /* Build configuration list for PBXNativeTarget "jobplanetTest" */;
			buildPhases = (
				9A08AEC27BE123DA6A5E93A5 /* [CP] Check Pods Manifest.lock */,
				DB9275F2230D0DA9001FF7FE /* Sources */,
				DB9275F3230D0DA9001FF7FE /* Frameworks */,
				DB9275F4230D0DA9001FF7FE /* Resources */,
				0189C279FF094D3DFD9DE1E9 /* [CP] Embed Pods Frameworks */,
			);
			buildRules = (
			);
			dependencies = (
			);
			name = jobplanetTest;
			productName = jobplanetTest;
			productReference = DB9275F6230D0DA9001FF7FE /* jobplanetTest.app */;
			productType = "com.apple.product-type.application";
		};
		DB927609230D0DAB001FF7FE /* jobplanetTestTests */ = {
			isa = PBXNativeTarget;
			buildConfigurationList = DB927621230D0DAB001FF7FE /* Build configuration list for PBXNativeTarget "jobplanetTestTests" */;
			buildPhases = (
				1DC5982393468704361F73EB /* [CP] Check Pods Manifest.lock */,
				DB927606230D0DAB001FF7FE /* Sources */,
				DB927607230D0DAB001FF7FE /* Frameworks */,
				DB927608230D0DAB001FF7FE /* Resources */,
				24CADF88E4ED8A75EBBFA868 /* [CP] Embed Pods Frameworks */,
			);
			buildRules = (
			);
			dependencies = (
				DB92760C230D0DAB001FF7FE /* PBXTargetDependency */,
			);
			name = jobplanetTestTests;
			productName = jobplanetTestTests;
			productReference = DB92760A230D0DAB001FF7FE /* jobplanetTestTests.xctest */;
			productType = "com.apple.product-type.bundle.unit-test";
		};
		DB927614230D0DAB001FF7FE /* jobplanetTestUITests */ = {
			isa = PBXNativeTarget;
			buildConfigurationList = DB927624230D0DAB001FF7FE /* Build configuration list for PBXNativeTarget "jobplanetTestUITests" */;
			buildPhases = (
				C989A468F9ADB13BEA4B2025 /* [CP] Check Pods Manifest.lock */,
				DB927611230D0DAB001FF7FE /* Sources */,
				DB927612230D0DAB001FF7FE /* Frameworks */,
				DB927613230D0DAB001FF7FE /* Resources */,
			);
			buildRules = (
			);
			dependencies = (
				DB927617230D0DAB001FF7FE /* PBXTargetDependency */,
			);
			name = jobplanetTestUITests;
			productName = jobplanetTestUITests;
			productReference = DB927615230D0DAB001FF7FE /* jobplanetTestUITests.xctest */;
			productType = "com.apple.product-type.bundle.ui-testing";
		};
/* End PBXNativeTarget section */

/* Begin PBXProject section */
		DB9275EE230D0DA9001FF7FE /* Project object */ = {
			isa = PBXProject;
			attributes = {
				LastSwiftUpdateCheck = 1030;
				LastUpgradeCheck = 1030;
				ORGANIZATIONNAME = elon;
				TargetAttributes = {
					DB9275F5230D0DA9001FF7FE = {
						CreatedOnToolsVersion = 10.3;
					};
					DB927609230D0DAB001FF7FE = {
						CreatedOnToolsVersion = 10.3;
						TestTargetID = DB9275F5230D0DA9001FF7FE;
					};
					DB927614230D0DAB001FF7FE = {
						CreatedOnToolsVersion = 10.3;
						TestTargetID = DB9275F5230D0DA9001FF7FE;
					};
				};
			};
			buildConfigurationList = DB9275F1230D0DA9001FF7FE /* Build configuration list for PBXProject "jobplanetTest" */;
			compatibilityVersion = "Xcode 9.3";
			developmentRegion = en;
			hasScannedForEncodings = 0;
			knownRegions = (
				en,
				Base,
			);
			mainGroup = DB9275ED230D0DA9001FF7FE;
			productRefGroup = DB9275F7230D0DA9001FF7FE /* Products */;
			projectDirPath = "";
			projectRoot = "";
			targets = (
				DB9275F5230D0DA9001FF7FE /* jobplanetTest */,
				DB927609230D0DAB001FF7FE /* jobplanetTestTests */,
				DB927614230D0DAB001FF7FE /* jobplanetTestUITests */,
			);
		};
/* End PBXProject section */

/* Begin PBXResourcesBuildPhase section */
		DB9275F4230D0DA9001FF7FE /* Resources */ = {
			isa = PBXResourcesBuildPhase;
			buildActionMask = 2147483647;
			files = (
				DB03D7172312864C00BC6493 /* SalaryCell.xib in Resources */,
				DB94221C23103D95007CA8F9 /* CompanyCell.xib in Resources */,
				DB03D71C231286E600BC6493 /* ThemeCollectionViewCell.xib in Resources */,
				DB03D7132312863200BC6493 /* ReviewCell.xib in Resources */,
				DB927604230D0DAB001FF7FE /* LaunchScreen.storyboard in Resources */,
				DB03D70F2312861D00BC6493 /* JobPostingCell.xib in Resources */,
				DB03D707231285EB00BC6493 /* HorizontalThemeCell.xib in Resources */,
				DB03D72123128B6C00BC6493 /* CompanyInfoTitleView.xib in Resources */,
				DB927601230D0DAB001FF7FE /* Assets.xcassets in Resources */,
				DB9F8F2D230D803600E724B6 /* Main.storyboard in Resources */,
				DB03D70B2312860800BC6493 /* InterviewCell.xib in Resources */,
			);
			runOnlyForDeploymentPostprocessing = 0;
		};
		DB927608230D0DAB001FF7FE /* Resources */ = {
			isa = PBXResourcesBuildPhase;
			buildActionMask = 2147483647;
			files = (
			);
			runOnlyForDeploymentPostprocessing = 0;
		};
		DB927613230D0DAB001FF7FE /* Resources */ = {
			isa = PBXResourcesBuildPhase;
			buildActionMask = 2147483647;
			files = (
			);
			runOnlyForDeploymentPostprocessing = 0;
		};
/* End PBXResourcesBuildPhase section */

/* Begin PBXShellScriptBuildPhase section */
		0189C279FF094D3DFD9DE1E9 /* [CP] Embed Pods Frameworks */ = {
			isa = PBXShellScriptBuildPhase;
			buildActionMask = 2147483647;
			files = (
			);
			inputFileListPaths = (
				"${PODS_ROOT}/Target Support Files/Pods-jobplanetTest/Pods-jobplanetTest-frameworks-${CONFIGURATION}-input-files.xcfilelist",
			);
			name = "[CP] Embed Pods Frameworks";
			outputFileListPaths = (
				"${PODS_ROOT}/Target Support Files/Pods-jobplanetTest/Pods-jobplanetTest-frameworks-${CONFIGURATION}-output-files.xcfilelist",
			);
			runOnlyForDeploymentPostprocessing = 0;
			shellPath = /bin/sh;
			shellScript = "\"${PODS_ROOT}/Target Support Files/Pods-jobplanetTest/Pods-jobplanetTest-frameworks.sh\"\n";
			showEnvVarsInLog = 0;
		};
		1DC5982393468704361F73EB /* [CP] Check Pods Manifest.lock */ = {
			isa = PBXShellScriptBuildPhase;
			buildActionMask = 2147483647;
			files = (
			);
			inputFileListPaths = (
			);
			inputPaths = (
				"${PODS_PODFILE_DIR_PATH}/Podfile.lock",
				"${PODS_ROOT}/Manifest.lock",
			);
			name = "[CP] Check Pods Manifest.lock";
			outputFileListPaths = (
			);
			outputPaths = (
				"$(DERIVED_FILE_DIR)/Pods-jobplanetTestTests-checkManifestLockResult.txt",
			);
			runOnlyForDeploymentPostprocessing = 0;
			shellPath = /bin/sh;
			shellScript = "diff \"${PODS_PODFILE_DIR_PATH}/Podfile.lock\" \"${PODS_ROOT}/Manifest.lock\" > /dev/null\nif [ $? != 0 ] ; then\n    # print error to STDERR\n    echo \"error: The sandbox is not in sync with the Podfile.lock. Run 'pod install' or update your CocoaPods installation.\" >&2\n    exit 1\nfi\n# This output is used by Xcode 'outputs' to avoid re-running this script phase.\necho \"SUCCESS\" > \"${SCRIPT_OUTPUT_FILE_0}\"\n";
			showEnvVarsInLog = 0;
		};
		24CADF88E4ED8A75EBBFA868 /* [CP] Embed Pods Frameworks */ = {
			isa = PBXShellScriptBuildPhase;
			buildActionMask = 2147483647;
			files = (
			);
			inputFileListPaths = (
				"${PODS_ROOT}/Target Support Files/Pods-jobplanetTestTests/Pods-jobplanetTestTests-frameworks-${CONFIGURATION}-input-files.xcfilelist",
			);
			name = "[CP] Embed Pods Frameworks";
			outputFileListPaths = (
				"${PODS_ROOT}/Target Support Files/Pods-jobplanetTestTests/Pods-jobplanetTestTests-frameworks-${CONFIGURATION}-output-files.xcfilelist",
			);
			runOnlyForDeploymentPostprocessing = 0;
			shellPath = /bin/sh;
			shellScript = "\"${PODS_ROOT}/Target Support Files/Pods-jobplanetTestTests/Pods-jobplanetTestTests-frameworks.sh\"\n";
			showEnvVarsInLog = 0;
		};
		9A08AEC27BE123DA6A5E93A5 /* [CP] Check Pods Manifest.lock */ = {
			isa = PBXShellScriptBuildPhase;
			buildActionMask = 2147483647;
			files = (
			);
			inputFileListPaths = (
			);
			inputPaths = (
				"${PODS_PODFILE_DIR_PATH}/Podfile.lock",
				"${PODS_ROOT}/Manifest.lock",
			);
			name = "[CP] Check Pods Manifest.lock";
			outputFileListPaths = (
			);
			outputPaths = (
				"$(DERIVED_FILE_DIR)/Pods-jobplanetTest-checkManifestLockResult.txt",
			);
			runOnlyForDeploymentPostprocessing = 0;
			shellPath = /bin/sh;
			shellScript = "diff \"${PODS_PODFILE_DIR_PATH}/Podfile.lock\" \"${PODS_ROOT}/Manifest.lock\" > /dev/null\nif [ $? != 0 ] ; then\n    # print error to STDERR\n    echo \"error: The sandbox is not in sync with the Podfile.lock. Run 'pod install' or update your CocoaPods installation.\" >&2\n    exit 1\nfi\n# This output is used by Xcode 'outputs' to avoid re-running this script phase.\necho \"SUCCESS\" > \"${SCRIPT_OUTPUT_FILE_0}\"\n";
			showEnvVarsInLog = 0;
		};
		C989A468F9ADB13BEA4B2025 /* [CP] Check Pods Manifest.lock */ = {
			isa = PBXShellScriptBuildPhase;
			buildActionMask = 2147483647;
			files = (
			);
			inputFileListPaths = (
			);
			inputPaths = (
				"${PODS_PODFILE_DIR_PATH}/Podfile.lock",
				"${PODS_ROOT}/Manifest.lock",
			);
			name = "[CP] Check Pods Manifest.lock";
			outputFileListPaths = (
			);
			outputPaths = (
				"$(DERIVED_FILE_DIR)/Pods-jobplanetTestUITests-checkManifestLockResult.txt",
			);
			runOnlyForDeploymentPostprocessing = 0;
			shellPath = /bin/sh;
			shellScript = "diff \"${PODS_PODFILE_DIR_PATH}/Podfile.lock\" \"${PODS_ROOT}/Manifest.lock\" > /dev/null\nif [ $? != 0 ] ; then\n    # print error to STDERR\n    echo \"error: The sandbox is not in sync with the Podfile.lock. Run 'pod install' or update your CocoaPods installation.\" >&2\n    exit 1\nfi\n# This output is used by Xcode 'outputs' to avoid re-running this script phase.\necho \"SUCCESS\" > \"${SCRIPT_OUTPUT_FILE_0}\"\n";
			showEnvVarsInLog = 0;
		};
/* End PBXShellScriptBuildPhase section */

/* Begin PBXSourcesBuildPhase section */
		DB9275F2230D0DA9001FF7FE /* Sources */ = {
			isa = PBXSourcesBuildPhase;
			buildActionMask = 2147483647;
			files = (
				DB9F8F47230D950B00E724B6 /* CellItem.swift in Sources */,
				DB03D70A2312860800BC6493 /* InterviewCell.swift in Sources */,
				DB94222723117343007CA8F9 /* UseCompositeDisposable.swift in Sources */,
				DB9F8F49230ED49700E724B6 /* Deadline.swift in Sources */,
				DB9F8F2F230D803600E724B6 /* MainViewReactor.swift in Sources */,
				DB03D706231285EB00BC6493 /* HorizontalThemeCell.swift in Sources */,
				DB94222923117A2F007CA8F9 /* IntExtension.swift in Sources */,
				DB9F8F3D230D947A00E724B6 /* HorizontalTheme.swift in Sources */,
				DB9F8F38230D941A00E724B6 /* CellType.swift in Sources */,
				DB9F8F45230D94E600E724B6 /* Salary.swift in Sources */,
				DB1CF0F02320D353005BEB0E /* Stub.swift in Sources */,
				DB03D6F72311815900BC6493 /* MainViewSection.swift in Sources */,
				DB9F8F3F230D949100E724B6 /* Interview.swift in Sources */,
				DB03D72F2312F09800BC6493 /* UIViewControllerExtension.swift in Sources */,
				DB9F8F32230D88B700E724B6 /* Jobplanet.swift in Sources */,
				DB94221B23103D95007CA8F9 /* CompanyCell.swift in Sources */,
				DB03D6FB2311B53B00BC6493 /* NibLoadableView.swift in Sources */,
				DB03D7162312864C00BC6493 /* SalaryCell.swift in Sources */,
				DB03D71B231286E600BC6493 /* ThemeCollectionViewCell.swift in Sources */,
				DB9F8F43230D94CF00E724B6 /* Review.swift in Sources */,
				DB03D72D2312EF5100BC6493 /* DetailViewReactor.swift in Sources */,
				DB9F8F1F230D7A5200E724B6 /* Networking.swift in Sources */,
				DB03D6F92311915900BC6493 /* SectionItemReactor.swift in Sources */,
				DB94222B23117AF9007CA8F9 /* StringAttributeExtension.swift in Sources */,
				DB0F83CB230E7C7E00032394 /* Theme.swift in Sources */,
				DB03D7232312AC5D00BC6493 /* UIColorExtension.swift in Sources */,
				DB9F8F1D230D797700E724B6 /* JobplanetAPI.swift in Sources */,
				DB9F8F2E230D803600E724B6 /* MainViewController.swift in Sources */,
				DB9F8F3B230D944600E724B6 /* Company.swift in Sources */,
				DB9F8F41230D94A700E724B6 /* JobPosting.swift in Sources */,
				DB03D72C2312EF5100BC6493 /* DetailViewController.swift in Sources */,
				DB9F8F35230D93DF00E724B6 /* CellTypeModel.swift in Sources */,
				DB03D7252312B85500BC6493 /* HasShowMoreButton.swift in Sources */,
				DB942222231172AE007CA8F9 /* DisposableExtension.swift in Sources */,
				DB03D71F23128B5C00BC6493 /* CompanyInfoTitleView.swift in Sources */,
				DB9F8F22230D7ED200E724B6 /* NetworkService.swift in Sources */,
				DB03D7122312863200BC6493 /* ReviewCell.swift in Sources */,
				DB9275FA230D0DA9001FF7FE /* AppDelegate.swift in Sources */,
				DB03D70E2312861D00BC6493 /* JobPostingCell.swift in Sources */,
			);
			runOnlyForDeploymentPostprocessing = 0;
		};
		DB927606230D0DAB001FF7FE /* Sources */ = {
			isa = PBXSourcesBuildPhase;
			buildActionMask = 2147483647;
			files = (
				DB92760F230D0DAB001FF7FE /* jobplanetTestTests.swift in Sources */,
			);
			runOnlyForDeploymentPostprocessing = 0;
		};
		DB927611230D0DAB001FF7FE /* Sources */ = {
			isa = PBXSourcesBuildPhase;
			buildActionMask = 2147483647;
			files = (
				DB92761A230D0DAB001FF7FE /* jobplanetTestUITests.swift in Sources */,
			);
			runOnlyForDeploymentPostprocessing = 0;
		};
/* End PBXSourcesBuildPhase section */

/* Begin PBXTargetDependency section */
		DB92760C230D0DAB001FF7FE /* PBXTargetDependency */ = {
			isa = PBXTargetDependency;
			target = DB9275F5230D0DA9001FF7FE /* jobplanetTest */;
			targetProxy = DB92760B230D0DAB001FF7FE /* PBXContainerItemProxy */;
		};
		DB927617230D0DAB001FF7FE /* PBXTargetDependency */ = {
			isa = PBXTargetDependency;
			target = DB9275F5230D0DA9001FF7FE /* jobplanetTest */;
			targetProxy = DB927616230D0DAB001FF7FE /* PBXContainerItemProxy */;
		};
/* End PBXTargetDependency section */

/* Begin PBXVariantGroup section */
		DB927602230D0DAB001FF7FE /* LaunchScreen.storyboard */ = {
			isa = PBXVariantGroup;
			children = (
				DB927603230D0DAB001FF7FE /* Base */,
			);
			name = LaunchScreen.storyboard;
			sourceTree = "<group>";
		};
/* End PBXVariantGroup section */

/* Begin XCBuildConfiguration section */
		DB92761C230D0DAB001FF7FE /* Debug */ = {
			isa = XCBuildConfiguration;
			buildSettings = {
				ALWAYS_SEARCH_USER_PATHS = NO;
				CLANG_ANALYZER_NONNULL = YES;
				CLANG_ANALYZER_NUMBER_OBJECT_CONVERSION = YES_AGGRESSIVE;
				CLANG_CXX_LANGUAGE_STANDARD = "gnu++14";
				CLANG_CXX_LIBRARY = "libc++";
				CLANG_ENABLE_MODULES = YES;
				CLANG_ENABLE_OBJC_ARC = YES;
				CLANG_ENABLE_OBJC_WEAK = YES;
				CLANG_WARN_BLOCK_CAPTURE_AUTORELEASING = YES;
				CLANG_WARN_BOOL_CONVERSION = YES;
				CLANG_WARN_COMMA = YES;
				CLANG_WARN_CONSTANT_CONVERSION = YES;
				CLANG_WARN_DEPRECATED_OBJC_IMPLEMENTATIONS = YES;
				CLANG_WARN_DIRECT_OBJC_ISA_USAGE = YES_ERROR;
				CLANG_WARN_DOCUMENTATION_COMMENTS = YES;
				CLANG_WARN_EMPTY_BODY = YES;
				CLANG_WARN_ENUM_CONVERSION = YES;
				CLANG_WARN_INFINITE_RECURSION = YES;
				CLANG_WARN_INT_CONVERSION = YES;
				CLANG_WARN_NON_LITERAL_NULL_CONVERSION = YES;
				CLANG_WARN_OBJC_IMPLICIT_RETAIN_SELF = YES;
				CLANG_WARN_OBJC_LITERAL_CONVERSION = YES;
				CLANG_WARN_OBJC_ROOT_CLASS = YES_ERROR;
				CLANG_WARN_RANGE_LOOP_ANALYSIS = YES;
				CLANG_WARN_STRICT_PROTOTYPES = YES;
				CLANG_WARN_SUSPICIOUS_MOVE = YES;
				CLANG_WARN_UNGUARDED_AVAILABILITY = YES_AGGRESSIVE;
				CLANG_WARN_UNREACHABLE_CODE = YES;
				CLANG_WARN__DUPLICATE_METHOD_MATCH = YES;
				CODE_SIGN_IDENTITY = "iPhone Developer";
				COPY_PHASE_STRIP = NO;
				DEBUG_INFORMATION_FORMAT = dwarf;
				ENABLE_STRICT_OBJC_MSGSEND = YES;
				ENABLE_TESTABILITY = YES;
				GCC_C_LANGUAGE_STANDARD = gnu11;
				GCC_DYNAMIC_NO_PIC = NO;
				GCC_NO_COMMON_BLOCKS = YES;
				GCC_OPTIMIZATION_LEVEL = 0;
				GCC_PREPROCESSOR_DEFINITIONS = (
					"DEBUG=1",
					"$(inherited)",
				);
				GCC_WARN_64_TO_32_BIT_CONVERSION = YES;
				GCC_WARN_ABOUT_RETURN_TYPE = YES_ERROR;
				GCC_WARN_UNDECLARED_SELECTOR = YES;
				GCC_WARN_UNINITIALIZED_AUTOS = YES_AGGRESSIVE;
				GCC_WARN_UNUSED_FUNCTION = YES;
				GCC_WARN_UNUSED_VARIABLE = YES;
				IPHONEOS_DEPLOYMENT_TARGET = 12.4;
				MTL_ENABLE_DEBUG_INFO = INCLUDE_SOURCE;
				MTL_FAST_MATH = YES;
				ONLY_ACTIVE_ARCH = YES;
				SDKROOT = iphoneos;
				SWIFT_ACTIVE_COMPILATION_CONDITIONS = DEBUG;
				SWIFT_OPTIMIZATION_LEVEL = "-Onone";
			};
			name = Debug;
		};
		DB92761D230D0DAB001FF7FE /* Release */ = {
			isa = XCBuildConfiguration;
			buildSettings = {
				ALWAYS_SEARCH_USER_PATHS = NO;
				CLANG_ANALYZER_NONNULL = YES;
				CLANG_ANALYZER_NUMBER_OBJECT_CONVERSION = YES_AGGRESSIVE;
				CLANG_CXX_LANGUAGE_STANDARD = "gnu++14";
				CLANG_CXX_LIBRARY = "libc++";
				CLANG_ENABLE_MODULES = YES;
				CLANG_ENABLE_OBJC_ARC = YES;
				CLANG_ENABLE_OBJC_WEAK = YES;
				CLANG_WARN_BLOCK_CAPTURE_AUTORELEASING = YES;
				CLANG_WARN_BOOL_CONVERSION = YES;
				CLANG_WARN_COMMA = YES;
				CLANG_WARN_CONSTANT_CONVERSION = YES;
				CLANG_WARN_DEPRECATED_OBJC_IMPLEMENTATIONS = YES;
				CLANG_WARN_DIRECT_OBJC_ISA_USAGE = YES_ERROR;
				CLANG_WARN_DOCUMENTATION_COMMENTS = YES;
				CLANG_WARN_EMPTY_BODY = YES;
				CLANG_WARN_ENUM_CONVERSION = YES;
				CLANG_WARN_INFINITE_RECURSION = YES;
				CLANG_WARN_INT_CONVERSION = YES;
				CLANG_WARN_NON_LITERAL_NULL_CONVERSION = YES;
				CLANG_WARN_OBJC_IMPLICIT_RETAIN_SELF = YES;
				CLANG_WARN_OBJC_LITERAL_CONVERSION = YES;
				CLANG_WARN_OBJC_ROOT_CLASS = YES_ERROR;
				CLANG_WARN_RANGE_LOOP_ANALYSIS = YES;
				CLANG_WARN_STRICT_PROTOTYPES = YES;
				CLANG_WARN_SUSPICIOUS_MOVE = YES;
				CLANG_WARN_UNGUARDED_AVAILABILITY = YES_AGGRESSIVE;
				CLANG_WARN_UNREACHABLE_CODE = YES;
				CLANG_WARN__DUPLICATE_METHOD_MATCH = YES;
				CODE_SIGN_IDENTITY = "iPhone Developer";
				COPY_PHASE_STRIP = NO;
				DEBUG_INFORMATION_FORMAT = "dwarf-with-dsym";
				ENABLE_NS_ASSERTIONS = NO;
				ENABLE_STRICT_OBJC_MSGSEND = YES;
				GCC_C_LANGUAGE_STANDARD = gnu11;
				GCC_NO_COMMON_BLOCKS = YES;
				GCC_WARN_64_TO_32_BIT_CONVERSION = YES;
				GCC_WARN_ABOUT_RETURN_TYPE = YES_ERROR;
				GCC_WARN_UNDECLARED_SELECTOR = YES;
				GCC_WARN_UNINITIALIZED_AUTOS = YES_AGGRESSIVE;
				GCC_WARN_UNUSED_FUNCTION = YES;
				GCC_WARN_UNUSED_VARIABLE = YES;
				IPHONEOS_DEPLOYMENT_TARGET = 12.4;
				MTL_ENABLE_DEBUG_INFO = NO;
				MTL_FAST_MATH = YES;
				SDKROOT = iphoneos;
				SWIFT_COMPILATION_MODE = wholemodule;
				SWIFT_OPTIMIZATION_LEVEL = "-O";
				VALIDATE_PRODUCT = YES;
			};
			name = Release;
		};
		DB92761F230D0DAB001FF7FE /* Debug */ = {
			isa = XCBuildConfiguration;
			baseConfigurationReference = 4F92A47DF9EAD36DCEC30D0A /* Pods-jobplanetTest.debug.xcconfig */;
			buildSettings = {
				ASSETCATALOG_COMPILER_APPICON_NAME = AppIcon;
				CODE_SIGN_STYLE = Automatic;
				DEVELOPMENT_TEAM = M77W68G9P5;
				INFOPLIST_FILE = jobplanetTest/Info.plist;
				IPHONEOS_DEPLOYMENT_TARGET = 11.0;
				LD_RUNPATH_SEARCH_PATHS = (
					"$(inherited)",
					"@executable_path/Frameworks",
				);
				PRODUCT_BUNDLE_IDENTIFIER = com.elonparks.jobplanet;
				PRODUCT_NAME = "$(TARGET_NAME)";
				SWIFT_VERSION = 5.0;
				TARGETED_DEVICE_FAMILY = 1;
			};
			name = Debug;
		};
		DB927620230D0DAB001FF7FE /* Release */ = {
			isa = XCBuildConfiguration;
			baseConfigurationReference = 8D408B85BE95933390CE73C2 /* Pods-jobplanetTest.release.xcconfig */;
			buildSettings = {
				ASSETCATALOG_COMPILER_APPICON_NAME = AppIcon;
				CODE_SIGN_STYLE = Automatic;
				DEVELOPMENT_TEAM = M77W68G9P5;
				INFOPLIST_FILE = jobplanetTest/Info.plist;
				IPHONEOS_DEPLOYMENT_TARGET = 11.0;
				LD_RUNPATH_SEARCH_PATHS = (
					"$(inherited)",
					"@executable_path/Frameworks",
				);
				PRODUCT_BUNDLE_IDENTIFIER = com.elonparks.jobplanet;
				PRODUCT_NAME = "$(TARGET_NAME)";
				SWIFT_VERSION = 5.0;
				TARGETED_DEVICE_FAMILY = 1;
			};
			name = Release;
		};
		DB927622230D0DAB001FF7FE /* Debug */ = {
			isa = XCBuildConfiguration;
			baseConfigurationReference = B9A971718076E07450ABF86D /* Pods-jobplanetTestTests.debug.xcconfig */;
			buildSettings = {
				ALWAYS_EMBED_SWIFT_STANDARD_LIBRARIES = "$(inherited)";
				BUNDLE_LOADER = "$(TEST_HOST)";
				CODE_SIGN_STYLE = Automatic;
				DEVELOPMENT_TEAM = M77W68G9P5;
				INFOPLIST_FILE = jobplanetTestTests/Info.plist;
				LD_RUNPATH_SEARCH_PATHS = (
					"$(inherited)",
					"@executable_path/Frameworks",
					"@loader_path/Frameworks",
				);
				PRODUCT_BUNDLE_IDENTIFIER = com.elonparks.jobplanetTestTests;
				PRODUCT_NAME = "$(TARGET_NAME)";
				SWIFT_VERSION = 5.0;
				TARGETED_DEVICE_FAMILY = "1,2";
				TEST_HOST = "$(BUILT_PRODUCTS_DIR)/jobplanetTest.app/jobplanetTest";
			};
			name = Debug;
		};
		DB927623230D0DAB001FF7FE /* Release */ = {
			isa = XCBuildConfiguration;
			baseConfigurationReference = E0EDD30AEB9A2D6B44227324 /* Pods-jobplanetTestTests.release.xcconfig */;
			buildSettings = {
				ALWAYS_EMBED_SWIFT_STANDARD_LIBRARIES = "$(inherited)";
				BUNDLE_LOADER = "$(TEST_HOST)";
				CODE_SIGN_STYLE = Automatic;
				DEVELOPMENT_TEAM = M77W68G9P5;
				INFOPLIST_FILE = jobplanetTestTests/Info.plist;
				LD_RUNPATH_SEARCH_PATHS = (
					"$(inherited)",
					"@executable_path/Frameworks",
					"@loader_path/Frameworks",
				);
				PRODUCT_BUNDLE_IDENTIFIER = com.elonparks.jobplanetTestTests;
				PRODUCT_NAME = "$(TARGET_NAME)";
				SWIFT_VERSION = 5.0;
				TARGETED_DEVICE_FAMILY = "1,2";
				TEST_HOST = "$(BUILT_PRODUCTS_DIR)/jobplanetTest.app/jobplanetTest";
			};
			name = Release;
		};
		DB927625230D0DAB001FF7FE /* Debug */ = {
			isa = XCBuildConfiguration;
			baseConfigurationReference = 9BE9B9D99DF40778921E9092 /* Pods-jobplanetTestUITests.debug.xcconfig */;
			buildSettings = {
				ALWAYS_EMBED_SWIFT_STANDARD_LIBRARIES = YES;
				CODE_SIGN_STYLE = Automatic;
				DEVELOPMENT_TEAM = M77W68G9P5;
				INFOPLIST_FILE = jobplanetTestUITests/Info.plist;
				LD_RUNPATH_SEARCH_PATHS = (
					"$(inherited)",
					"@executable_path/Frameworks",
					"@loader_path/Frameworks",
				);
				PRODUCT_BUNDLE_IDENTIFIER = com.elonparks.jobplanetTestUITests;
				PRODUCT_NAME = "$(TARGET_NAME)";
				SWIFT_VERSION = 5.0;
				TARGETED_DEVICE_FAMILY = "1,2";
				TEST_TARGET_NAME = jobplanetTest;
			};
			name = Debug;
		};
		DB927626230D0DAB001FF7FE /* Release */ = {
			isa = XCBuildConfiguration;
			baseConfigurationReference = 2C4CC98EB581D8DB096ED3AF /* Pods-jobplanetTestUITests.release.xcconfig */;
			buildSettings = {
				ALWAYS_EMBED_SWIFT_STANDARD_LIBRARIES = YES;
				CODE_SIGN_STYLE = Automatic;
				DEVELOPMENT_TEAM = M77W68G9P5;
				INFOPLIST_FILE = jobplanetTestUITests/Info.plist;
				LD_RUNPATH_SEARCH_PATHS = (
					"$(inherited)",
					"@executable_path/Frameworks",
					"@loader_path/Frameworks",
				);
				PRODUCT_BUNDLE_IDENTIFIER = com.elonparks.jobplanetTestUITests;
				PRODUCT_NAME = "$(TARGET_NAME)";
				SWIFT_VERSION = 5.0;
				TARGETED_DEVICE_FAMILY = "1,2";
				TEST_TARGET_NAME = jobplanetTest;
			};
			name = Release;
		};
/* End XCBuildConfiguration section */

/* Begin XCConfigurationList section */
		DB9275F1230D0DA9001FF7FE /* Build configuration list for PBXProject "jobplanetTest" */ = {
			isa = XCConfigurationList;
			buildConfigurations = (
				DB92761C230D0DAB001FF7FE /* Debug */,
				DB92761D230D0DAB001FF7FE /* Release */,
			);
			defaultConfigurationIsVisible = 0;
			defaultConfigurationName = Release;
		};
		DB92761E230D0DAB001FF7FE /* Build configuration list for PBXNativeTarget "jobplanetTest" */ = {
			isa = XCConfigurationList;
			buildConfigurations = (
				DB92761F230D0DAB001FF7FE /* Debug */,
				DB927620230D0DAB001FF7FE /* Release */,
			);
			defaultConfigurationIsVisible = 0;
			defaultConfigurationName = Release;
		};
		DB927621230D0DAB001FF7FE /* Build configuration list for PBXNativeTarget "jobplanetTestTests" */ = {
			isa = XCConfigurationList;
			buildConfigurations = (
				DB927622230D0DAB001FF7FE /* Debug */,
				DB927623230D0DAB001FF7FE /* Release */,
			);
			defaultConfigurationIsVisible = 0;
			defaultConfigurationName = Release;
		};
		DB927624230D0DAB001FF7FE /* Build configuration list for PBXNativeTarget "jobplanetTestUITests" */ = {
			isa = XCConfigurationList;
			buildConfigurations = (
				DB927625230D0DAB001FF7FE /* Debug */,
				DB927626230D0DAB001FF7FE /* Release */,
			);
			defaultConfigurationIsVisible = 0;
			defaultConfigurationName = Release;
		};
/* End XCConfigurationList section */
	};
	rootObject = DB9275EE230D0DA9001FF7FE /* Project object */;
}
